// !$*UTF8*$!
{
	archiveVersion = 1;
	classes = {
	};
	objectVersion = 46;
	objects = {

/* Begin PBXBuildFile section */
		123327EA142378BB0022598D /* Foundation.framework in Frameworks */ = {isa = PBXBuildFile; fileRef = 123327E9142378BB0022598D /* Foundation.framework */; };
		123327ED142378BB0022598D /* main.m in Sources */ = {isa = PBXBuildFile; fileRef = 123327EC142378BB0022598D /* main.m */; };
		123327F1142378BB0022598D /* JogoVelha.1 in CopyFiles */ = {isa = PBXBuildFile; fileRef = 123327F0142378BB0022598D /* JogoVelha.1 */; };
		123327FE142379E70022598D /* SenTestingKit.framework in Frameworks */ = {isa = PBXBuildFile; fileRef = 123327FD142379E70022598D /* SenTestingKit.framework */; };
		12332800142379E70022598D /* Cocoa.framework in Frameworks */ = {isa = PBXBuildFile; fileRef = 123327FF142379E70022598D /* Cocoa.framework */; };
		1233280A142379E70022598D /* InfoPlist.strings in Resources */ = {isa = PBXBuildFile; fileRef = 12332808142379E70022598D /* InfoPlist.strings */; };
		1233280C142379E70022598D /* Test.h in Resources */ = {isa = PBXBuildFile; fileRef = 1233280B142379E70022598D /* Test.h */; };
		1233280E142379E70022598D /* Test.m in Sources */ = {isa = PBXBuildFile; fileRef = 1233280D142379E70022598D /* Test.m */; };
		1233281514237E940022598D /* Tabuleiro.m in Sources */ = {isa = PBXBuildFile; fileRef = 1233281414237E940022598D /* Tabuleiro.m */; };
		12332819142381560022598D /* Tabuleiro.m in Sources */ = {isa = PBXBuildFile; fileRef = 1233281414237E940022598D /* Tabuleiro.m */; };
/* End PBXBuildFile section */

/* Begin PBXCopyFilesBuildPhase section */
		123327E3142378BA0022598D /* CopyFiles */ = {
			isa = PBXCopyFilesBuildPhase;
			buildActionMask = 2147483647;
			dstPath = /usr/share/man/man1/;
			dstSubfolderSpec = 0;
			files = (
				123327F1142378BB0022598D /* JogoVelha.1 in CopyFiles */,
			);
			runOnlyForDeploymentPostprocessing = 1;
		};
/* End PBXCopyFilesBuildPhase section */

/* Begin PBXFileReference section */
		123327E5142378BA0022598D /* JogoVelha */ = {isa = PBXFileReference; explicitFileType = "compiled.mach-o.executable"; includeInIndex = 0; path = JogoVelha; sourceTree = BUILT_PRODUCTS_DIR; };
		123327E9142378BB0022598D /* Foundation.framework */ = {isa = PBXFileReference; lastKnownFileType = wrapper.framework; name = Foundation.framework; path = System/Library/Frameworks/Foundation.framework; sourceTree = SDKROOT; };
		123327EC142378BB0022598D /* main.m */ = {isa = PBXFileReference; lastKnownFileType = sourcecode.c.objc; path = main.m; sourceTree = "<group>"; };
		123327EF142378BB0022598D /* JogoVelha-Prefix.pch */ = {isa = PBXFileReference; lastKnownFileType = sourcecode.c.h; path = "JogoVelha-Prefix.pch"; sourceTree = "<group>"; };
		123327F0142378BB0022598D /* JogoVelha.1 */ = {isa = PBXFileReference; lastKnownFileType = text.man; path = JogoVelha.1; sourceTree = "<group>"; };
		123327FC142379E70022598D /* Test.octest */ = {isa = PBXFileReference; explicitFileType = wrapper.cfbundle; includeInIndex = 0; path = Test.octest; sourceTree = BUILT_PRODUCTS_DIR; };
		123327FD142379E70022598D /* SenTestingKit.framework */ = {isa = PBXFileReference; lastKnownFileType = wrapper.framework; name = SenTestingKit.framework; path = Library/Frameworks/SenTestingKit.framework; sourceTree = DEVELOPER_DIR; };
		123327FF142379E70022598D /* Cocoa.framework */ = {isa = PBXFileReference; lastKnownFileType = wrapper.framework; name = Cocoa.framework; path = Library/Frameworks/Cocoa.framework; sourceTree = DEVELOPER_DIR; };
		12332802142379E70022598D /* AppKit.framework */ = {isa = PBXFileReference; lastKnownFileType = wrapper.framework; name = AppKit.framework; path = Library/Frameworks/AppKit.framework; sourceTree = SDKROOT; };
		12332803142379E70022598D /* CoreData.framework */ = {isa = PBXFileReference; lastKnownFileType = wrapper.framework; name = CoreData.framework; path = Library/Frameworks/CoreData.framework; sourceTree = SDKROOT; };
		12332804142379E70022598D /* Foundation.framework */ = {isa = PBXFileReference; lastKnownFileType = wrapper.framework; name = Foundation.framework; path = Library/Frameworks/Foundation.framework; sourceTree = SDKROOT; };
		12332807142379E70022598D /* Test-Info.plist */ = {isa = PBXFileReference; lastKnownFileType = text.plist.xml; path = "Test-Info.plist"; sourceTree = "<group>"; };
		12332809142379E70022598D /* en */ = {isa = PBXFileReference; lastKnownFileType = text.plist.strings; name = en; path = en.lproj/InfoPlist.strings; sourceTree = "<group>"; };
		1233280B142379E70022598D /* Test.h */ = {isa = PBXFileReference; lastKnownFileType = sourcecode.c.h; path = Test.h; sourceTree = "<group>"; };
		1233280D142379E70022598D /* Test.m */ = {isa = PBXFileReference; lastKnownFileType = sourcecode.c.objc; path = Test.m; sourceTree = "<group>"; };
		1233280F142379E70022598D /* Test-Prefix.pch */ = {isa = PBXFileReference; lastKnownFileType = sourcecode.c.h; path = "Test-Prefix.pch"; sourceTree = "<group>"; };
		1233281314237E940022598D /* Tabuleiro.h */ = {isa = PBXFileReference; fileEncoding = 4; lastKnownFileType = sourcecode.c.h; path = Tabuleiro.h; sourceTree = "<group>"; };
		1233281414237E940022598D /* Tabuleiro.m */ = {isa = PBXFileReference; fileEncoding = 4; lastKnownFileType = sourcecode.c.objc; path = Tabuleiro.m; sourceTree = "<group>"; };
/* End PBXFileReference section */

/* Begin PBXFrameworksBuildPhase section */
		123327E2142378BA0022598D /* Frameworks */ = {
			isa = PBXFrameworksBuildPhase;
			buildActionMask = 2147483647;
			files = (
				123327EA142378BB0022598D /* Foundation.framework in Frameworks */,
			);
			runOnlyForDeploymentPostprocessing = 0;
		};
		123327F8142379E60022598D /* Frameworks */ = {
			isa = PBXFrameworksBuildPhase;
			buildActionMask = 2147483647;
			files = (
				123327FE142379E70022598D /* SenTestingKit.framework in Frameworks */,
				12332800142379E70022598D /* Cocoa.framework in Frameworks */,
			);
			runOnlyForDeploymentPostprocessing = 0;
		};
/* End PBXFrameworksBuildPhase section */

/* Begin PBXGroup section */
		123327DA142378BA0022598D = {
			isa = PBXGroup;
			children = (
				123327EB142378BB0022598D /* JogoVelha */,
				12332805142379E70022598D /* Test */,
				123327E8142378BA0022598D /* Frameworks */,
				123327E6142378BA0022598D /* Products */,
			);
			sourceTree = "<group>";
		};
		123327E6142378BA0022598D /* Products */ = {
			isa = PBXGroup;
			children = (
				123327E5142378BA0022598D /* JogoVelha */,
				123327FC142379E70022598D /* Test.octest */,
			);
			name = Products;
			sourceTree = "<group>";
		};
		123327E8142378BA0022598D /* Frameworks */ = {
			isa = PBXGroup;
			children = (
				123327E9142378BB0022598D /* Foundation.framework */,
				123327FD142379E70022598D /* SenTestingKit.framework */,
				123327FF142379E70022598D /* Cocoa.framework */,
				12332801142379E70022598D /* Other Frameworks */,
			);
			name = Frameworks;
			sourceTree = "<group>";
		};
		123327EB142378BB0022598D /* JogoVelha */ = {
			isa = PBXGroup;
			children = (
				123327EC142378BB0022598D /* main.m */,
				123327F0142378BB0022598D /* JogoVelha.1 */,
				123327EE142378BB0022598D /* Supporting Files */,
				1233281314237E940022598D /* Tabuleiro.h */,
				1233281414237E940022598D /* Tabuleiro.m */,
			);
			path = JogoVelha;
			sourceTree = "<group>";
		};
		123327EE142378BB0022598D /* Supporting Files */ = {
			isa = PBXGroup;
			children = (
				123327EF142378BB0022598D /* JogoVelha-Prefix.pch */,
			);
			name = "Supporting Files";
			sourceTree = "<group>";
		};
		12332801142379E70022598D /* Other Frameworks */ = {
			isa = PBXGroup;
			children = (
				12332802142379E70022598D /* AppKit.framework */,
				12332803142379E70022598D /* CoreData.framework */,
				12332804142379E70022598D /* Foundation.framework */,
			);
			name = "Other Frameworks";
			sourceTree = "<group>";
		};
		12332805142379E70022598D /* Test */ = {
			isa = PBXGroup;
			children = (
				1233280B142379E70022598D /* Test.h */,
				1233280D142379E70022598D /* Test.m */,
				12332806142379E70022598D /* Supporting Files */,
			);
			path = Test;
			sourceTree = "<group>";
		};
		12332806142379E70022598D /* Supporting Files */ = {
			isa = PBXGroup;
			children = (
				12332807142379E70022598D /* Test-Info.plist */,
				12332808142379E70022598D /* InfoPlist.strings */,
				1233280F142379E70022598D /* Test-Prefix.pch */,
			);
			name = "Supporting Files";
			sourceTree = "<group>";
		};
/* End PBXGroup section */

/* Begin PBXNativeTarget section */
		123327E4142378BA0022598D /* JogoVelha */ = {
			isa = PBXNativeTarget;
			buildConfigurationList = 123327F4142378BB0022598D /* Build configuration list for PBXNativeTarget "JogoVelha" */;
			buildPhases = (
				123327E1142378BA0022598D /* Sources */,
				123327E2142378BA0022598D /* Frameworks */,
				123327E3142378BA0022598D /* CopyFiles */,
			);
			buildRules = (
			);
			dependencies = (
			);
			name = JogoVelha;
			productName = JogoVelha;
			productReference = 123327E5142378BA0022598D /* JogoVelha */;
			productType = "com.apple.product-type.tool";
		};
		123327FB142379E60022598D /* Test */ = {
			isa = PBXNativeTarget;
			buildConfigurationList = 12332810142379E70022598D /* Build configuration list for PBXNativeTarget "Test" */;
			buildPhases = (
				123327F7142379E60022598D /* Sources */,
				123327F8142379E60022598D /* Frameworks */,
				123327F9142379E60022598D /* Resources */,
				123327FA142379E60022598D /* ShellScript */,
			);
			buildRules = (
			);
			dependencies = (
			);
			name = Test;
			productName = Test;
			productReference = 123327FC142379E70022598D /* Test.octest */;
			productType = "com.apple.product-type.bundle";
		};
/* End PBXNativeTarget section */

/* Begin PBXProject section */
		123327DC142378BA0022598D /* Project object */ = {
			isa = PBXProject;
			buildConfigurationList = 123327DF142378BA0022598D /* Build configuration list for PBXProject "JogoVelha" */;
			compatibilityVersion = "Xcode 3.2";
			developmentRegion = English;
			hasScannedForEncodings = 0;
			knownRegions = (
				en,
			);
			mainGroup = 123327DA142378BA0022598D;
			productRefGroup = 123327E6142378BA0022598D /* Products */;
			projectDirPath = "";
			projectRoot = "";
			targets = (
				123327E4142378BA0022598D /* JogoVelha */,
				123327FB142379E60022598D /* Test */,
			);
		};
/* End PBXProject section */

/* Begin PBXResourcesBuildPhase section */
		123327F9142379E60022598D /* Resources */ = {
			isa = PBXResourcesBuildPhase;
			buildActionMask = 2147483647;
			files = (
				1233280A142379E70022598D /* InfoPlist.strings in Resources */,
				1233280C142379E70022598D /* Test.h in Resources */,
			);
			runOnlyForDeploymentPostprocessing = 0;
		};
/* End PBXResourcesBuildPhase section */

/* Begin PBXShellScriptBuildPhase section */
		123327FA142379E60022598D /* ShellScript */ = {
			isa = PBXShellScriptBuildPhase;
			buildActionMask = 2147483647;
			files = (
			);
			inputPaths = (
			);
			outputPaths = (
			);
			runOnlyForDeploymentPostprocessing = 0;
			shellPath = /bin/sh;
			shellScript = "# Run the unit tests in this test bundle.\n\"${SYSTEM_DEVELOPER_DIR}/Tools/RunUnitTests\"\n";
		};
/* End PBXShellScriptBuildPhase section */

/* Begin PBXSourcesBuildPhase section */
		123327E1142378BA0022598D /* Sources */ = {
			isa = PBXSourcesBuildPhase;
			buildActionMask = 2147483647;
			files = (
				123327ED142378BB0022598D /* main.m in Sources */,
				1233281514237E940022598D /* Tabuleiro.m in Sources */,
			);
			runOnlyForDeploymentPostprocessing = 0;
		};
		123327F7142379E60022598D /* Sources */ = {
			isa = PBXSourcesBuildPhase;
			buildActionMask = 2147483647;
			files = (
				12332819142381560022598D /* Tabuleiro.m in Sources */,
				1233280E142379E70022598D /* Test.m in Sources */,
			);
			runOnlyForDeploymentPostprocessing = 0;
		};
/* End PBXSourcesBuildPhase section */

/* Begin PBXVariantGroup section */
		12332808142379E70022598D /* InfoPlist.strings */ = {
			isa = PBXVariantGroup;
			children = (
				12332809142379E70022598D /* en */,
			);
			name = InfoPlist.strings;
			sourceTree = "<group>";
		};
/* End PBXVariantGroup section */

/* Begin XCBuildConfiguration section */
		123327F2142378BB0022598D /* Debug */ = {
			isa = XCBuildConfiguration;
			buildSettings = {
				ALWAYS_SEARCH_USER_PATHS = NO;
				ARCHS = "$(ARCHS_STANDARD_64_BIT)";
				COPY_PHASE_STRIP = NO;
				GCC_C_LANGUAGE_STANDARD = gnu99;
				GCC_DYNAMIC_NO_PIC = NO;
				GCC_ENABLE_OBJC_EXCEPTIONS = YES;
				GCC_OPTIMIZATION_LEVEL = 0;
				GCC_PREPROCESSOR_DEFINITIONS = (
					"DEBUG=1",
					"$(inherited)",
				);
				GCC_SYMBOLS_PRIVATE_EXTERN = NO;
				GCC_VERSION = com.apple.compilers.llvm.clang.1_0;
				GCC_WARN_64_TO_32_BIT_CONVERSION = YES;
				GCC_WARN_ABOUT_MISSING_PROTOTYPES = YES;
				GCC_WARN_ABOUT_RETURN_TYPE = YES;
				GCC_WARN_UNUSED_VARIABLE = YES;
				MACOSX_DEPLOYMENT_TARGET = 10.7;
				ONLY_ACTIVE_ARCH = YES;
				SDKROOT = macosx;
			};
			name = Debug;
		};
		123327F3142378BB0022598D /* Release */ = {
			isa = XCBuildConfiguration;
			buildSettings = {
				ALWAYS_SEARCH_USER_PATHS = NO;
				ARCHS = "$(ARCHS_STANDARD_64_BIT)";
				COPY_PHASE_STRIP = YES;
				DEBUG_INFORMATION_FORMAT = "dwarf-with-dsym";
				GCC_C_LANGUAGE_STANDARD = gnu99;
				GCC_ENABLE_OBJC_EXCEPTIONS = YES;
				GCC_VERSION = com.apple.compilers.llvm.clang.1_0;
				GCC_WARN_64_TO_32_BIT_CONVERSION = YES;
				GCC_WARN_ABOUT_MISSING_PROTOTYPES = YES;
				GCC_WARN_ABOUT_RETURN_TYPE = YES;
				GCC_WARN_UNUSED_VARIABLE = YES;
				MACOSX_DEPLOYMENT_TARGET = 10.7;
				SDKROOT = macosx;
			};
			name = Release;
		};
		123327F5142378BB0022598D /* Debug */ = {
			isa = XCBuildConfiguration;
			buildSettings = {
				GCC_PRECOMPILE_PREFIX_HEADER = YES;
				GCC_PREFIX_HEADER = "JogoVelha/JogoVelha-Prefix.pch";
				PRODUCT_NAME = "$(TARGET_NAME)";
			};
			name = Debug;
		};
		123327F6142378BB0022598D /* Release */ = {
			isa = XCBuildConfiguration;
			buildSettings = {
				GCC_PRECOMPILE_PREFIX_HEADER = YES;
				GCC_PREFIX_HEADER = "JogoVelha/JogoVelha-Prefix.pch";
				PRODUCT_NAME = "$(TARGET_NAME)";
			};
			name = Release;
		};
		12332811142379E70022598D /* Debug */ = {
			isa = XCBuildConfiguration;
			buildSettings = {
				FRAMEWORK_SEARCH_PATHS = "$(DEVELOPER_LIBRARY_DIR)/Frameworks";
				GCC_PRECOMPILE_PREFIX_HEADER = YES;
				GCC_PREFIX_HEADER = "Test/Test-Prefix.pch";
				INFOPLIST_FILE = "Test/Test-Info.plist";
				PRODUCT_NAME = "$(TARGET_NAME)";
				WRAPPER_EXTENSION = octest;
			};
			name = Debug;
		};
		12332812142379E70022598D /* Release */ = {
			isa = XCBuildConfiguration;
			buildSettings = {
				FRAMEWORK_SEARCH_PATHS = "$(DEVELOPER_LIBRARY_DIR)/Frameworks";
				GCC_PRECOMPILE_PREFIX_HEADER = YES;
				GCC_PREFIX_HEADER = "Test/Test-Prefix.pch";
				INFOPLIST_FILE = "Test/Test-Info.plist";
				PRODUCT_NAME = "$(TARGET_NAME)";
				WRAPPER_EXTENSION = octest;
			};
			name = Release;
		};
/* End XCBuildConfiguration section */

/* Begin XCConfigurationList section */
		123327DF142378BA0022598D /* Build configuration list for PBXProject "JogoVelha" */ = {
			isa = XCConfigurationList;
			buildConfigurations = (
				123327F2142378BB0022598D /* Debug */,
				123327F3142378BB0022598D /* Release */,
			);
			defaultConfigurationIsVisible = 0;
			defaultConfigurationName = Release;
		};
		123327F4142378BB0022598D /* Build configuration list for PBXNativeTarget "JogoVelha" */ = {
			isa = XCConfigurationList;
			buildConfigurations = (
				123327F5142378BB0022598D /* Debug */,
				123327F6142378BB0022598D /* Release */,
			);
			defaultConfigurationIsVisible = 0;
		};
		12332810142379E70022598D /* Build configuration list for PBXNativeTarget "Test" */ = {
			isa = XCConfigurationList;
			buildConfigurations = (
				12332811142379E70022598D /* Debug */,
				12332812142379E70022598D /* Release */,
			);
			defaultConfigurationIsVisible = 0;
		};
/* End XCConfigurationList section */
	};
	rootObject = 123327DC142378BA0022598D /* Project object */;
}
